// !$*UTF8*$!
{
	archiveVersion = 1;
	classes = {
	};
	objectVersion = 46;
	objects = {

/* Begin PBXBuildFile section */
		070FA9311F4C51EA00D7FDBC /* AppDelegate.swift in Sources */ = {isa = PBXBuildFile; fileRef = 070FA9301F4C51EA00D7FDBC /* AppDelegate.swift */; };
		070FA9331F4C51EA00D7FDBC /* SearchTopViewController.swift in Sources */ = {isa = PBXBuildFile; fileRef = 070FA9321F4C51EA00D7FDBC /* SearchTopViewController.swift */; };
		070FA9361F4C51EA00D7FDBC /* Main.storyboard in Resources */ = {isa = PBXBuildFile; fileRef = 070FA9341F4C51EA00D7FDBC /* Main.storyboard */; };
		070FA9381F4C51EA00D7FDBC /* Assets.xcassets in Resources */ = {isa = PBXBuildFile; fileRef = 070FA9371F4C51EA00D7FDBC /* Assets.xcassets */; };
		070FA93B1F4C51EA00D7FDBC /* LaunchScreen.storyboard in Resources */ = {isa = PBXBuildFile; fileRef = 070FA9391F4C51EA00D7FDBC /* LaunchScreen.storyboard */; };
		070FA9731F5580BA00D7FDBC /* ShopListViewController.swift in Sources */ = {isa = PBXBuildFile; fileRef = 070FA9721F5580BA00D7FDBC /* ShopListViewController.swift */; };
		070FA9761F55854800D7FDBC /* ShopListItemTableViewCell.swift in Sources */ = {isa = PBXBuildFile; fileRef = 070FA9751F55854800D7FDBC /* ShopListItemTableViewCell.swift */; };
		070FA9791F55873400D7FDBC /* YahooLocal.swift in Sources */ = {isa = PBXBuildFile; fileRef = 070FA9781F55873400D7FDBC /* YahooLocal.swift */; };
		074192AD1F6554CC00D83001 /* LocationService.swift in Sources */ = {isa = PBXBuildFile; fileRef = 074192AC1F6554CC00D83001 /* LocationService.swift */; };
		074192B11F68FE2700D83001 /* ShopDetailViewController.swift in Sources */ = {isa = PBXBuildFile; fileRef = 074192B01F68FE2700D83001 /* ShopDetailViewController.swift */; };
		074192B41F6914CC00D83001 /* SearchNavigationController.swift in Sources */ = {isa = PBXBuildFile; fileRef = 074192B31F6914CC00D83001 /* SearchNavigationController.swift */; };
		EE4452026D19C89D1C19E1CD /* Pods_In5minutes.framework in Frameworks */ = {isa = PBXBuildFile; fileRef = A1AC0D962DD47AEA3A386DB9 /* Pods_In5minutes.framework */; };
/* End PBXBuildFile section */

/* Begin PBXFileReference section */
		070FA92D1F4C51EA00D7FDBC /* In5minutes.app */ = {isa = PBXFileReference; explicitFileType = wrapper.application; includeInIndex = 0; path = In5minutes.app; sourceTree = BUILT_PRODUCTS_DIR; };
		070FA9301F4C51EA00D7FDBC /* AppDelegate.swift */ = {isa = PBXFileReference; lastKnownFileType = sourcecode.swift; path = AppDelegate.swift; sourceTree = "<group>"; };
		070FA9321F4C51EA00D7FDBC /* SearchTopViewController.swift */ = {isa = PBXFileReference; lastKnownFileType = sourcecode.swift; path = SearchTopViewController.swift; sourceTree = "<group>"; };
		070FA9351F4C51EA00D7FDBC /* Base */ = {isa = PBXFileReference; lastKnownFileType = file.storyboard; name = Base; path = Base.lproj/Main.storyboard; sourceTree = "<group>"; };
		070FA9371F4C51EA00D7FDBC /* Assets.xcassets */ = {isa = PBXFileReference; lastKnownFileType = folder.assetcatalog; path = Assets.xcassets; sourceTree = "<group>"; };
		070FA93A1F4C51EA00D7FDBC /* Base */ = {isa = PBXFileReference; lastKnownFileType = file.storyboard; name = Base; path = Base.lproj/LaunchScreen.storyboard; sourceTree = "<group>"; };
		070FA93C1F4C51EA00D7FDBC /* Info.plist */ = {isa = PBXFileReference; lastKnownFileType = text.plist.xml; path = Info.plist; sourceTree = "<group>"; };
		070FA96F1F53219A00D7FDBC /* In5minutes-Bridging-Header.h */ = {isa = PBXFileReference; lastKnownFileType = sourcecode.c.h; path = "In5minutes-Bridging-Header.h"; sourceTree = "<group>"; };
		070FA9721F5580BA00D7FDBC /* ShopListViewController.swift */ = {isa = PBXFileReference; fileEncoding = 4; lastKnownFileType = sourcecode.swift; path = ShopListViewController.swift; sourceTree = "<group>"; };
		070FA9751F55854800D7FDBC /* ShopListItemTableViewCell.swift */ = {isa = PBXFileReference; fileEncoding = 4; lastKnownFileType = sourcecode.swift; path = ShopListItemTableViewCell.swift; sourceTree = "<group>"; };
		070FA9781F55873400D7FDBC /* YahooLocal.swift */ = {isa = PBXFileReference; fileEncoding = 4; lastKnownFileType = sourcecode.swift; path = YahooLocal.swift; sourceTree = "<group>"; };
		074192AC1F6554CC00D83001 /* LocationService.swift */ = {isa = PBXFileReference; fileEncoding = 4; lastKnownFileType = sourcecode.swift; path = LocationService.swift; sourceTree = "<group>"; };
		074192B01F68FE2700D83001 /* ShopDetailViewController.swift */ = {isa = PBXFileReference; fileEncoding = 4; lastKnownFileType = sourcecode.swift; path = ShopDetailViewController.swift; sourceTree = "<group>"; };
		074192B31F6914CC00D83001 /* SearchNavigationController.swift */ = {isa = PBXFileReference; fileEncoding = 4; lastKnownFileType = sourcecode.swift; path = SearchNavigationController.swift; sourceTree = "<group>"; };
		73071B70FDFA3A82BF391A4B /* Pods-In5minutes.release.xcconfig */ = {isa = PBXFileReference; includeInIndex = 1; lastKnownFileType = text.xcconfig; name = "Pods-In5minutes.release.xcconfig"; path = "Pods/Target Support Files/Pods-In5minutes/Pods-In5minutes.release.xcconfig"; sourceTree = "<group>"; };
		A1AC0D962DD47AEA3A386DB9 /* Pods_In5minutes.framework */ = {isa = PBXFileReference; explicitFileType = wrapper.framework; includeInIndex = 0; path = Pods_In5minutes.framework; sourceTree = BUILT_PRODUCTS_DIR; };
		AE590B3DB5175137376A0724 /* Pods-In5minutes.debug.xcconfig */ = {isa = PBXFileReference; includeInIndex = 1; lastKnownFileType = text.xcconfig; name = "Pods-In5minutes.debug.xcconfig"; path = "Pods/Target Support Files/Pods-In5minutes/Pods-In5minutes.debug.xcconfig"; sourceTree = "<group>"; };
/* End PBXFileReference section */

/* Begin PBXFrameworksBuildPhase section */
		070FA92A1F4C51EA00D7FDBC /* Frameworks */ = {
			isa = PBXFrameworksBuildPhase;
			buildActionMask = 2147483647;
			files = (
				EE4452026D19C89D1C19E1CD /* Pods_In5minutes.framework in Frameworks */,
			);
			runOnlyForDeploymentPostprocessing = 0;
		};
/* End PBXFrameworksBuildPhase section */

/* Begin PBXGroup section */
		070FA9241F4C51EA00D7FDBC = {
			isa = PBXGroup;
			children = (
				070FA92F1F4C51EA00D7FDBC /* In5minutes */,
				070FA92E1F4C51EA00D7FDBC /* Products */,
				843F5BB907A4B3D0A92F0C52 /* Pods */,
				B9AB42B068909871CEE93F76 /* Frameworks */,
				070FA96F1F53219A00D7FDBC /* In5minutes-Bridging-Header.h */,
			);
			sourceTree = "<group>";
		};
		070FA92E1F4C51EA00D7FDBC /* Products */ = {
			isa = PBXGroup;
			children = (
				070FA92D1F4C51EA00D7FDBC /* In5minutes.app */,
			);
			name = Products;
			sourceTree = "<group>";
		};
		070FA92F1F4C51EA00D7FDBC /* In5minutes */ = {
			isa = PBXGroup;
			children = (
				074192B21F69149C00D83001 /* NavigationController */,
				070FA9771F55871400D7FDBC /* Common */,
				070FA9741F55851700D7FDBC /* ShopList */,
				070FA9301F4C51EA00D7FDBC /* AppDelegate.swift */,
				070FA9321F4C51EA00D7FDBC /* SearchTopViewController.swift */,
				070FA9341F4C51EA00D7FDBC /* Main.storyboard */,
				070FA9371F4C51EA00D7FDBC /* Assets.xcassets */,
				070FA9391F4C51EA00D7FDBC /* LaunchScreen.storyboard */,
				070FA93C1F4C51EA00D7FDBC /* Info.plist */,
			);
			path = In5minutes;
			sourceTree = "<group>";
		};
		070FA9741F55851700D7FDBC /* ShopList */ = {
			isa = PBXGroup;
			children = (
				070FA9721F5580BA00D7FDBC /* ShopListViewController.swift */,
				070FA9751F55854800D7FDBC /* ShopListItemTableViewCell.swift */,
				074192B01F68FE2700D83001 /* ShopDetailViewController.swift */,
			);
			name = ShopList;
			sourceTree = "<group>";
		};
		070FA9771F55871400D7FDBC /* Common */ = {
			isa = PBXGroup;
			children = (
				070FA9781F55873400D7FDBC /* YahooLocal.swift */,
				074192AC1F6554CC00D83001 /* LocationService.swift */,
			);
			name = Common;
			sourceTree = "<group>";
		};
		074192B21F69149C00D83001 /* NavigationController */ = {
			isa = PBXGroup;
			children = (
				074192B31F6914CC00D83001 /* SearchNavigationController.swift */,
			);
			name = NavigationController;
			sourceTree = "<group>";
		};
		843F5BB907A4B3D0A92F0C52 /* Pods */ = {
			isa = PBXGroup;
			children = (
				AE590B3DB5175137376A0724 /* Pods-In5minutes.debug.xcconfig */,
				73071B70FDFA3A82BF391A4B /* Pods-In5minutes.release.xcconfig */,
			);
			name = Pods;
			sourceTree = "<group>";
		};
		B9AB42B068909871CEE93F76 /* Frameworks */ = {
			isa = PBXGroup;
			children = (
				A1AC0D962DD47AEA3A386DB9 /* Pods_In5minutes.framework */,
			);
			name = Frameworks;
			sourceTree = "<group>";
		};
/* End PBXGroup section */

/* Begin PBXNativeTarget section */
		070FA92C1F4C51EA00D7FDBC /* In5minutes */ = {
			isa = PBXNativeTarget;
			buildConfigurationList = 070FA93F1F4C51EA00D7FDBC /* Build configuration list for PBXNativeTarget "In5minutes" */;
			buildPhases = (
				C83DB34F134DB9754E26C833 /* [CP] Check Pods Manifest.lock */,
				070FA9291F4C51EA00D7FDBC /* Sources */,
				070FA92A1F4C51EA00D7FDBC /* Frameworks */,
				070FA92B1F4C51EA00D7FDBC /* Resources */,
				8E1F8EAB74BC81574FAC020E /* [CP] Embed Pods Frameworks */,
				49A16F815C4F2CD5F2536F22 /* [CP] Copy Pods Resources */,
			);
			buildRules = (
			);
			dependencies = (
			);
			name = In5minutes;
			productName = In5minutes;
			productReference = 070FA92D1F4C51EA00D7FDBC /* In5minutes.app */;
			productType = "com.apple.product-type.application";
		};
/* End PBXNativeTarget section */

/* Begin PBXProject section */
		070FA9251F4C51EA00D7FDBC /* Project object */ = {
			isa = PBXProject;
			attributes = {
				LastSwiftUpdateCheck = 0820;
				LastUpgradeCheck = 0820;
				ORGANIZATIONNAME = HideakiTouhara;
				TargetAttributes = {
					070FA92C1F4C51EA00D7FDBC = {
						CreatedOnToolsVersion = 8.2.1;
						DevelopmentTeam = QG4UUMT2SM;
						LastSwiftMigration = 0820;
						ProvisioningStyle = Automatic;
					};
				};
			};
			buildConfigurationList = 070FA9281F4C51EA00D7FDBC /* Build configuration list for PBXProject "In5minutes" */;
			compatibilityVersion = "Xcode 3.2";
			developmentRegion = English;
			hasScannedForEncodings = 0;
			knownRegions = (
				en,
				Base,
			);
			mainGroup = 070FA9241F4C51EA00D7FDBC;
			productRefGroup = 070FA92E1F4C51EA00D7FDBC /* Products */;
			projectDirPath = "";
			projectRoot = "";
			targets = (
				070FA92C1F4C51EA00D7FDBC /* In5minutes */,
			);
		};
/* End PBXProject section */

/* Begin PBXResourcesBuildPhase section */
		070FA92B1F4C51EA00D7FDBC /* Resources */ = {
			isa = PBXResourcesBuildPhase;
			buildActionMask = 2147483647;
			files = (
				070FA93B1F4C51EA00D7FDBC /* LaunchScreen.storyboard in Resources */,
				070FA9381F4C51EA00D7FDBC /* Assets.xcassets in Resources */,
				070FA9361F4C51EA00D7FDBC /* Main.storyboard in Resources */,
			);
			runOnlyForDeploymentPostprocessing = 0;
		};
/* End PBXResourcesBuildPhase section */

/* Begin PBXShellScriptBuildPhase section */
		49A16F815C4F2CD5F2536F22 /* [CP] Copy Pods Resources */ = {
			isa = PBXShellScriptBuildPhase;
			buildActionMask = 2147483647;
			files = (
			);
			inputPaths = (
			);
			name = "[CP] Copy Pods Resources";
			outputPaths = (
			);
			runOnlyForDeploymentPostprocessing = 0;
			shellPath = /bin/sh;
			shellScript = "\"${SRCROOT}/Pods/Target Support Files/Pods-In5minutes/Pods-In5minutes-resources.sh\"\n";
			showEnvVarsInLog = 0;
		};
		8E1F8EAB74BC81574FAC020E /* [CP] Embed Pods Frameworks */ = {
			isa = PBXShellScriptBuildPhase;
			buildActionMask = 2147483647;
			files = (
			);
			inputPaths = (
			);
			name = "[CP] Embed Pods Frameworks";
			outputPaths = (
			);
			runOnlyForDeploymentPostprocessing = 0;
			shellPath = /bin/sh;
			shellScript = "\"${SRCROOT}/Pods/Target Support Files/Pods-In5minutes/Pods-In5minutes-frameworks.sh\"\n";
			showEnvVarsInLog = 0;
		};
		C83DB34F134DB9754E26C833 /* [CP] Check Pods Manifest.lock */ = {
			isa = PBXShellScriptBuildPhase;
			buildActionMask = 2147483647;
			files = (
			);
			inputPaths = (
			);
			name = "[CP] Check Pods Manifest.lock";
			outputPaths = (
			);
			runOnlyForDeploymentPostprocessing = 0;
			shellPath = /bin/sh;
			shellScript = "diff \"${PODS_PODFILE_DIR_PATH}/Podfile.lock\" \"${PODS_ROOT}/Manifest.lock\" > /dev/null\nif [ $? != 0 ] ; then\n    # print error to STDERR\n    echo \"error: The sandbox is not in sync with the Podfile.lock. Run 'pod install' or update your CocoaPods installation.\" >&2\n    exit 1\nfi\n";
			showEnvVarsInLog = 0;
		};
/* End PBXShellScriptBuildPhase section */

/* Begin PBXSourcesBuildPhase section */
		070FA9291F4C51EA00D7FDBC /* Sources */ = {
			isa = PBXSourcesBuildPhase;
			buildActionMask = 2147483647;
			files = (
				070FA9791F55873400D7FDBC /* YahooLocal.swift in Sources */,
				070FA9331F4C51EA00D7FDBC /* SearchTopViewController.swift in Sources */,
				074192B41F6914CC00D83001 /* SearchNavigationController.swift in Sources */,
				070FA9311F4C51EA00D7FDBC /* AppDelegate.swift in Sources */,
				070FA9761F55854800D7FDBC /* ShopListItemTableViewCell.swift in Sources */,
				074192B11F68FE2700D83001 /* ShopDetailViewController.swift in Sources */,
				074192AD1F6554CC00D83001 /* LocationService.swift in Sources */,
				070FA9731F5580BA00D7FDBC /* ShopListViewController.swift in Sources */,
			);
			runOnlyForDeploymentPostprocessing = 0;
		};
/* End PBXSourcesBuildPhase section */

/* Begin PBXVariantGroup section */
		070FA9341F4C51EA00D7FDBC /* Main.storyboard */ = {
			isa = PBXVariantGroup;
			children = (
				070FA9351F4C51EA00D7FDBC /* Base */,
			);
			name = Main.storyboard;
			sourceTree = "<group>";
		};
		070FA9391F4C51EA00D7FDBC /* LaunchScreen.storyboard */ = {
			isa = PBXVariantGroup;
			children = (
				070FA93A1F4C51EA00D7FDBC /* Base */,
			);
			name = LaunchScreen.storyboard;
			sourceTree = "<group>";
		};
/* End PBXVariantGroup section */

/* Begin XCBuildConfiguration section */
		070FA93D1F4C51EA00D7FDBC /* Debug */ = {
			isa = XCBuildConfiguration;
			buildSettings = {
				ALWAYS_SEARCH_USER_PATHS = NO;
				CLANG_ANALYZER_NONNULL = YES;
				CLANG_CXX_LANGUAGE_STANDARD = "gnu++0x";
				CLANG_CXX_LIBRARY = "libc++";
				CLANG_ENABLE_MODULES = YES;
				CLANG_ENABLE_OBJC_ARC = YES;
				CLANG_WARN_BOOL_CONVERSION = YES;
				CLANG_WARN_CONSTANT_CONVERSION = YES;
				CLANG_WARN_DIRECT_OBJC_ISA_USAGE = YES_ERROR;
				CLANG_WARN_DOCUMENTATION_COMMENTS = YES;
				CLANG_WARN_EMPTY_BODY = YES;
				CLANG_WARN_ENUM_CONVERSION = YES;
				CLANG_WARN_INFINITE_RECURSION = YES;
				CLANG_WARN_INT_CONVERSION = YES;
				CLANG_WARN_OBJC_ROOT_CLASS = YES_ERROR;
				CLANG_WARN_SUSPICIOUS_MOVE = YES;
				CLANG_WARN_UNREACHABLE_CODE = YES;
				CLANG_WARN__DUPLICATE_METHOD_MATCH = YES;
				"CODE_SIGN_IDENTITY[sdk=iphoneos*]" = "iPhone Developer";
				COPY_PHASE_STRIP = NO;
				DEBUG_INFORMATION_FORMAT = dwarf;
				ENABLE_STRICT_OBJC_MSGSEND = YES;
				ENABLE_TESTABILITY = YES;
				GCC_C_LANGUAGE_STANDARD = gnu99;
				GCC_DYNAMIC_NO_PIC = NO;
				GCC_NO_COMMON_BLOCKS = YES;
				GCC_OPTIMIZATION_LEVEL = 0;
				GCC_PREPROCESSOR_DEFINITIONS = (
					"DEBUG=1",
					"$(inherited)",
				);
				GCC_WARN_64_TO_32_BIT_CONVERSION = YES;
				GCC_WARN_ABOUT_RETURN_TYPE = YES_ERROR;
				GCC_WARN_UNDECLARED_SELECTOR = YES;
				GCC_WARN_UNINITIALIZED_AUTOS = YES_AGGRESSIVE;
				GCC_WARN_UNUSED_FUNCTION = YES;
				GCC_WARN_UNUSED_VARIABLE = YES;
				IPHONEOS_DEPLOYMENT_TARGET = 10.2;
				MTL_ENABLE_DEBUG_INFO = YES;
				ONLY_ACTIVE_ARCH = YES;
				SDKROOT = iphoneos;
				SWIFT_ACTIVE_COMPILATION_CONDITIONS = DEBUG;
				SWIFT_OPTIMIZATION_LEVEL = "-Onone";
			};
			name = Debug;
		};
		070FA93E1F4C51EA00D7FDBC /* Release */ = {
			isa = XCBuildConfiguration;
			buildSettings = {
				ALWAYS_SEARCH_USER_PATHS = NO;
				CLANG_ANALYZER_NONNULL = YES;
				CLANG_CXX_LANGUAGE_STANDARD = "gnu++0x";
				CLANG_CXX_LIBRARY = "libc++";
				CLANG_ENABLE_MODULES = YES;
				CLANG_ENABLE_OBJC_ARC = YES;
				CLANG_WARN_BOOL_CONVERSION = YES;
				CLANG_WARN_CONSTANT_CONVERSION = YES;
				CLANG_WARN_DIRECT_OBJC_ISA_USAGE = YES_ERROR;
				CLANG_WARN_DOCUMENTATION_COMMENTS = YES;
				CLANG_WARN_EMPTY_BODY = YES;
				CLANG_WARN_ENUM_CONVERSION = YES;
				CLANG_WARN_INFINITE_RECURSION = YES;
				CLANG_WARN_INT_CONVERSION = YES;
				CLANG_WARN_OBJC_ROOT_CLASS = YES_ERROR;
				CLANG_WARN_SUSPICIOUS_MOVE = YES;
				CLANG_WARN_UNREACHABLE_CODE = YES;
				CLANG_WARN__DUPLICATE_METHOD_MATCH = YES;
				"CODE_SIGN_IDENTITY[sdk=iphoneos*]" = "iPhone Developer";
				COPY_PHASE_STRIP = NO;
				DEBUG_INFORMATION_FORMAT = "dwarf-with-dsym";
				ENABLE_NS_ASSERTIONS = NO;
				ENABLE_STRICT_OBJC_MSGSEND = YES;
				GCC_C_LANGUAGE_STANDARD = gnu99;
				GCC_NO_COMMON_BLOCKS = YES;
				GCC_WARN_64_TO_32_BIT_CONVERSION = YES;
				GCC_WARN_ABOUT_RETURN_TYPE = YES_ERROR;
				GCC_WARN_UNDECLARED_SELECTOR = YES;
				GCC_WARN_UNINITIALIZED_AUTOS = YES_AGGRESSIVE;
				GCC_WARN_UNUSED_FUNCTION = YES;
				GCC_WARN_UNUSED_VARIABLE = YES;
				IPHONEOS_DEPLOYMENT_TARGET = 10.2;
				MTL_ENABLE_DEBUG_INFO = NO;
				SDKROOT = iphoneos;
				SWIFT_OPTIMIZATION_LEVEL = "-Owholemodule";
				VALIDATE_PRODUCT = YES;
			};
			name = Release;
		};
		070FA9401F4C51EA00D7FDBC /* Debug */ = {
			isa = XCBuildConfiguration;
			baseConfigurationReference = AE590B3DB5175137376A0724 /* Pods-In5minutes.debug.xcconfig */;
			buildSettings = {
				ASSETCATALOG_COMPILER_APPICON_NAME = AppIcon;
				CLANG_ENABLE_MODULES = YES;
				"CODE_SIGN_IDENTITY[sdk=iphoneos*]" = "iPhone Developer";
				DEVELOPMENT_TEAM = QG4UUMT2SM;
				INFOPLIST_FILE = In5minutes/Info.plist;
				LD_RUNPATH_SEARCH_PATHS = "$(inherited) @executable_path/Frameworks";
				PRODUCT_BUNDLE_IDENTIFIER = "com.-HideakiTouhara.MeshiQuicker";
				PRODUCT_NAME = "$(TARGET_NAME)";
				PROVISIONING_PROFILE_SPECIFIER = "";
				SWIFT_OBJC_BRIDGING_HEADER = "In5minutes-Bridging-Header.h";
				SWIFT_OPTIMIZATION_LEVEL = "-Onone";
				SWIFT_VERSION = 3.0;
			};
			name = Debug;
		};
		070FA9411F4C51EA00D7FDBC /* Release */ = {
			isa = XCBuildConfiguration;
			baseConfigurationReference = 73071B70FDFA3A82BF391A4B /* Pods-In5minutes.release.xcconfig */;
			buildSettings = {
				ASSETCATALOG_COMPILER_APPICON_NAME = AppIcon;
				CLANG_ENABLE_MODULES = YES;
				"CODE_SIGN_IDENTITY[sdk=iphoneos*]" = "iPhone Developer";
				DEVELOPMENT_TEAM = QG4UUMT2SM;
				INFOPLIST_FILE = In5minutes/Info.plist;
				LD_RUNPATH_SEARCH_PATHS = "$(inherited) @executable_path/Frameworks";
				PRODUCT_BUNDLE_IDENTIFIER = "com.-HideakiTouhara.MeshiQuicker";
				PRODUCT_NAME = "$(TARGET_NAME)";
				PROVISIONING_PROFILE_SPECIFIER = "";
				SWIFT_OBJC_BRIDGING_HEADER = "In5minutes-Bridging-Header.h";
				SWIFT_VERSION = 3.0;
			};
			name = Release;
		};
/* End XCBuildConfiguration section */

/* Begin XCConfigurationList section */
		070FA9281F4C51EA00D7FDBC /* Build configuration list for PBXProject "In5minutes" */ = {
			isa = XCConfigurationList;
			buildConfigurations = (
				070FA93D1F4C51EA00D7FDBC /* Debug */,
				070FA93E1F4C51EA00D7FDBC /* Release */,
			);
			defaultConfigurationIsVisible = 0;
			defaultConfigurationName = Release;
		};
		070FA93F1F4C51EA00D7FDBC /* Build configuration list for PBXNativeTarget "In5minutes" */ = {
			isa = XCConfigurationList;
			buildConfigurations = (
				070FA9401F4C51EA00D7FDBC /* Debug */,
				070FA9411F4C51EA00D7FDBC /* Release */,
			);
			defaultConfigurationIsVisible = 0;
			defaultConfigurationName = Release;
		};
/* End XCConfigurationList section */
	};
	rootObject = 070FA9251F4C51EA00D7FDBC /* Project object */;
}
